github.com/brunorgavloski/dog v0.0.0-20250802231149-c3bbfe3af748 h1:d8toYu5H5CilTRPBwQFD1sn5Jgs7ng7loBV2EzT0T3E=
github.com/brunorgavloski/dog v0.0.0-20250802231149-c3bbfe3af748/go.mod h1:9iJ9lZPHHdDfSIqFUucLk7ZH1vlqextv80yYocgr7Ko=
github.com/brunorgavloski/dog v0.0.0-20250802234336-3ebc65a9467e h1:yHWkWTlsySsXa1ljlDkKmumoCmLVr+B6Z2G3bNF+KGg=
github.com/brunorgavloski/dog v0.0.0-20250802234336-3ebc65a9467e/go.mod h1:9iJ9lZPHHdDfSIqFUucLk7ZH1vlqextv80yYocgr7Ko=
